
Microsoft Visual Studio Solution File, Format Version 12.00
# Visual Studio Version 16
VisualStudioVersion = 16.0.29509.3
MinimumVisualStudioVersion = 10.0.40219.1
Project("{2150E333-8FDC-42A3-9474-1A3956D46DE8}") = "DAL", "DAL", "{85581FBF-BC75-454E-A8C0-4698812BB2BE}"
EndProject
Project("{2150E333-8FDC-42A3-9474-1A3956D46DE8}") = "VAL", "VAL", "{58F1BAC6-06F4-41B0-80F0-7E1D44F2E6EF}"
EndProject
Project("{9A19103F-16F7-4668-BE54-9A1E7A4F7556}") = "API_REST_CRUD", "API_REST_CRUD\API_REST_CRUD.csproj", "{B5489F7B-8126-477B-BD44-392AC5FAC1CC}"
EndProject
Project("{9A19103F-16F7-4668-BE54-9A1E7A4F7556}") = "DesignTienda", "DesignTienda\DesignTienda.csproj", "{8239733D-A163-4869-8C90-10045FED572E}"
EndProject
Project("{2150E333-8FDC-42A3-9474-1A3956D46DE8}") = "ScriptDB", "ScriptDB", "{7C34EFB3-0E83-4C55-B960-84C8D6AD1080}"
EndProject
Global
	GlobalSection(SolutionConfigurationPlatforms) = preSolution
		Debug|Any CPU = Debug|Any CPU
		Release|Any CPU = Release|Any CPU
	EndGlobalSection
	GlobalSection(ProjectConfigurationPlatforms) = postSolution
		{B5489F7B-8126-477B-BD44-392AC5FAC1CC}.Debug|Any CPU.ActiveCfg = Debug|Any CPU
		{B5489F7B-8126-477B-BD44-392AC5FAC1CC}.Debug|Any CPU.Build.0 = Debug|Any CPU
		{B5489F7B-8126-477B-BD44-392AC5FAC1CC}.Release|Any CPU.ActiveCfg = Release|Any CPU
		{B5489F7B-8126-477B-BD44-392AC5FAC1CC}.Release|Any CPU.Build.0 = Release|Any CPU
		{8239733D-A163-4869-8C90-10045FED572E}.Debug|Any CPU.ActiveCfg = Debug|Any CPU
		{8239733D-A163-4869-8C90-10045FED572E}.Debug|Any CPU.Build.0 = Debug|Any CPU
		{8239733D-A163-4869-8C90-10045FED572E}.Release|Any CPU.ActiveCfg = Release|Any CPU
		{8239733D-A163-4869-8C90-10045FED572E}.Release|Any CPU.Build.0 = Release|Any CPU
	EndGlobalSection
	GlobalSection(SolutionProperties) = preSolution
		HideSolutionNode = FALSE
	EndGlobalSection
	GlobalSection(NestedProjects) = preSolution
		{B5489F7B-8126-477B-BD44-392AC5FAC1CC} = {85581FBF-BC75-454E-A8C0-4698812BB2BE}
		{8239733D-A163-4869-8C90-10045FED572E} = {58F1BAC6-06F4-41B0-80F0-7E1D44F2E6EF}
	EndGlobalSection
	GlobalSection(ExtensibilityGlobals) = postSolution
		SolutionGuid = {366064A1-31B4-45A3-B4AC-D80A48B4CF0F}
	EndGlobalSection
EndGlobal
