
Microsoft Visual Studio Solution File, Format Version 12.00
# Visual Studio Version 16
VisualStudioVersion = 16.0.29509.3
MinimumVisualStudioVersion = 10.0.40219.1
Project("{9A19103F-16F7-4668-BE54-9A1E7A4F7556}") = "API_REST_CRUD", "API_REST_CRUD\API_REST_CRUD.csproj", "{0D1DBA7B-FC42-48DF-B871-2182F01C004F}"
EndProject
Project("{2150E333-8FDC-42A3-9474-1A3956D46DE8}") = "DAL", "DAL", "{85581FBF-BC75-454E-A8C0-4698812BB2BE}"
EndProject
Project("{2150E333-8FDC-42A3-9474-1A3956D46DE8}") = "VAL", "VAL", "{58F1BAC6-06F4-41B0-80F0-7E1D44F2E6EF}"
EndProject
Project("{FAE04EC0-301F-11D3-BF4B-00C04F79EFBC}") = "DesignTienda", "DesignTienda\DesignTienda.csproj", "{C7AF1FC8-49FB-47B4-BE58-90D09A55E193}"
EndProject
Global
	GlobalSection(SolutionConfigurationPlatforms) = preSolution
		Debug|Any CPU = Debug|Any CPU
		Release|Any CPU = Release|Any CPU
	EndGlobalSection
	GlobalSection(ProjectConfigurationPlatforms) = postSolution
		{0D1DBA7B-FC42-48DF-B871-2182F01C004F}.Debug|Any CPU.ActiveCfg = Debug|Any CPU
		{0D1DBA7B-FC42-48DF-B871-2182F01C004F}.Debug|Any CPU.Build.0 = Debug|Any CPU
		{0D1DBA7B-FC42-48DF-B871-2182F01C004F}.Release|Any CPU.ActiveCfg = Release|Any CPU
		{0D1DBA7B-FC42-48DF-B871-2182F01C004F}.Release|Any CPU.Build.0 = Release|Any CPU
		{C7AF1FC8-49FB-47B4-BE58-90D09A55E193}.Debug|Any CPU.ActiveCfg = Debug|Any CPU
		{C7AF1FC8-49FB-47B4-BE58-90D09A55E193}.Debug|Any CPU.Build.0 = Debug|Any CPU
		{C7AF1FC8-49FB-47B4-BE58-90D09A55E193}.Release|Any CPU.ActiveCfg = Release|Any CPU
		{C7AF1FC8-49FB-47B4-BE58-90D09A55E193}.Release|Any CPU.Build.0 = Release|Any CPU
	EndGlobalSection
	GlobalSection(SolutionProperties) = preSolution
		HideSolutionNode = FALSE
	EndGlobalSection
	GlobalSection(NestedProjects) = preSolution
		{0D1DBA7B-FC42-48DF-B871-2182F01C004F} = {85581FBF-BC75-454E-A8C0-4698812BB2BE}
		{C7AF1FC8-49FB-47B4-BE58-90D09A55E193} = {58F1BAC6-06F4-41B0-80F0-7E1D44F2E6EF}
	EndGlobalSection
	GlobalSection(ExtensibilityGlobals) = postSolution
		SolutionGuid = {366064A1-31B4-45A3-B4AC-D80A48B4CF0F}
	EndGlobalSection
EndGlobal
